// !$*UTF8*$!
{
	archiveVersion = 1;
	classes = {
	};
	objectVersion = 56;
	objects = {

/* Begin PBXBuildFile section */
		EA09C0C12B8CA6C800957DF1 /* AppDelegate.swift in Sources */ = {isa = PBXBuildFile; fileRef = EA09C0C02B8CA6C800957DF1 /* AppDelegate.swift */; };
		EA09C0C32B8CA6C800957DF1 /* SceneDelegate.swift in Sources */ = {isa = PBXBuildFile; fileRef = EA09C0C22B8CA6C800957DF1 /* SceneDelegate.swift */; };
		EA09C0C52B8CA6C800957DF1 /* ViewController.swift in Sources */ = {isa = PBXBuildFile; fileRef = EA09C0C42B8CA6C800957DF1 /* ViewController.swift */; };
		EA09C0C82B8CA6C800957DF1 /* Main.storyboard in Resources */ = {isa = PBXBuildFile; fileRef = EA09C0C62B8CA6C800957DF1 /* Main.storyboard */; };
		EA09C0CA2B8CA6CA00957DF1 /* Assets.xcassets in Resources */ = {isa = PBXBuildFile; fileRef = EA09C0C92B8CA6CA00957DF1 /* Assets.xcassets */; };
		EA09C0CD2B8CA6CA00957DF1 /* LaunchScreen.storyboard in Resources */ = {isa = PBXBuildFile; fileRef = EA09C0CB2B8CA6CA00957DF1 /* LaunchScreen.storyboard */; };
		EA09C0D82B8CA6CA00957DF1 /* pruebaMapasTests.swift in Sources */ = {isa = PBXBuildFile; fileRef = EA09C0D72B8CA6CA00957DF1 /* pruebaMapasTests.swift */; };
		EA09C0E22B8CA6CA00957DF1 /* pruebaMapasUITests.swift in Sources */ = {isa = PBXBuildFile; fileRef = EA09C0E12B8CA6CA00957DF1 /* pruebaMapasUITests.swift */; };
		EA09C0E42B8CA6CA00957DF1 /* pruebaMapasUITestsLaunchTests.swift in Sources */ = {isa = PBXBuildFile; fileRef = EA09C0E32B8CA6CA00957DF1 /* pruebaMapasUITestsLaunchTests.swift */; };
		EA09C0F32B8CF67000957DF1 /* SearchTableViewController.swift in Sources */ = {isa = PBXBuildFile; fileRef = EA09C0F22B8CF67000957DF1 /* SearchTableViewController.swift */; };
		EA09C0F72B8CF6BC00957DF1 /* InitialViewController.swift in Sources */ = {isa = PBXBuildFile; fileRef = EA09C0F62B8CF6BC00957DF1 /* InitialViewController.swift */; };
		EA09C0F92B8D037A00957DF1 /* Monument.swift in Sources */ = {isa = PBXBuildFile; fileRef = EA09C0F82B8D037900957DF1 /* Monument.swift */; };
/* End PBXBuildFile section */

/* Begin PBXContainerItemProxy section */
		EA09C0D42B8CA6CA00957DF1 /* PBXContainerItemProxy */ = {
			isa = PBXContainerItemProxy;
			containerPortal = EA09C0B52B8CA6C800957DF1 /* Project object */;
			proxyType = 1;
			remoteGlobalIDString = EA09C0BC2B8CA6C800957DF1;
			remoteInfo = pruebaMapas;
		};
		EA09C0DE2B8CA6CA00957DF1 /* PBXContainerItemProxy */ = {
			isa = PBXContainerItemProxy;
			containerPortal = EA09C0B52B8CA6C800957DF1 /* Project object */;
			proxyType = 1;
			remoteGlobalIDString = EA09C0BC2B8CA6C800957DF1;
			remoteInfo = pruebaMapas;
		};
/* End PBXContainerItemProxy section */

/* Begin PBXFileReference section */
		EA09C0BD2B8CA6C800957DF1 /* pruebaMapas.app */ = {isa = PBXFileReference; explicitFileType = wrapper.application; includeInIndex = 0; path = pruebaMapas.app; sourceTree = BUILT_PRODUCTS_DIR; };
		EA09C0C02B8CA6C800957DF1 /* AppDelegate.swift */ = {isa = PBXFileReference; lastKnownFileType = sourcecode.swift; path = AppDelegate.swift; sourceTree = "<group>"; };
		EA09C0C22B8CA6C800957DF1 /* SceneDelegate.swift */ = {isa = PBXFileReference; lastKnownFileType = sourcecode.swift; path = SceneDelegate.swift; sourceTree = "<group>"; };
		EA09C0C42B8CA6C800957DF1 /* ViewController.swift */ = {isa = PBXFileReference; lastKnownFileType = sourcecode.swift; path = ViewController.swift; sourceTree = "<group>"; };
		EA09C0C72B8CA6C800957DF1 /* Base */ = {isa = PBXFileReference; lastKnownFileType = file.storyboard; name = Base; path = Base.lproj/Main.storyboard; sourceTree = "<group>"; };
		EA09C0C92B8CA6CA00957DF1 /* Assets.xcassets */ = {isa = PBXFileReference; lastKnownFileType = folder.assetcatalog; path = Assets.xcassets; sourceTree = "<group>"; };
		EA09C0CC2B8CA6CA00957DF1 /* Base */ = {isa = PBXFileReference; lastKnownFileType = file.storyboard; name = Base; path = Base.lproj/LaunchScreen.storyboard; sourceTree = "<group>"; };
		EA09C0CE2B8CA6CA00957DF1 /* Info.plist */ = {isa = PBXFileReference; lastKnownFileType = text.plist.xml; path = Info.plist; sourceTree = "<group>"; };
		EA09C0D32B8CA6CA00957DF1 /* pruebaMapasTests.xctest */ = {isa = PBXFileReference; explicitFileType = wrapper.cfbundle; includeInIndex = 0; path = pruebaMapasTests.xctest; sourceTree = BUILT_PRODUCTS_DIR; };
		EA09C0D72B8CA6CA00957DF1 /* pruebaMapasTests.swift */ = {isa = PBXFileReference; lastKnownFileType = sourcecode.swift; path = pruebaMapasTests.swift; sourceTree = "<group>"; };
		EA09C0DD2B8CA6CA00957DF1 /* pruebaMapasUITests.xctest */ = {isa = PBXFileReference; explicitFileType = wrapper.cfbundle; includeInIndex = 0; path = pruebaMapasUITests.xctest; sourceTree = BUILT_PRODUCTS_DIR; };
		EA09C0E12B8CA6CA00957DF1 /* pruebaMapasUITests.swift */ = {isa = PBXFileReference; lastKnownFileType = sourcecode.swift; path = pruebaMapasUITests.swift; sourceTree = "<group>"; };
		EA09C0E32B8CA6CA00957DF1 /* pruebaMapasUITestsLaunchTests.swift */ = {isa = PBXFileReference; lastKnownFileType = sourcecode.swift; path = pruebaMapasUITestsLaunchTests.swift; sourceTree = "<group>"; };
		EA09C0F22B8CF67000957DF1 /* SearchTableViewController.swift */ = {isa = PBXFileReference; lastKnownFileType = sourcecode.swift; path = SearchTableViewController.swift; sourceTree = "<group>"; };
		EA09C0F62B8CF6BC00957DF1 /* InitialViewController.swift */ = {isa = PBXFileReference; lastKnownFileType = sourcecode.swift; path = InitialViewController.swift; sourceTree = "<group>"; };
		EA09C0F82B8D037900957DF1 /* Monument.swift */ = {isa = PBXFileReference; lastKnownFileType = sourcecode.swift; path = Monument.swift; sourceTree = "<group>"; };
/* End PBXFileReference section */

/* Begin PBXFrameworksBuildPhase section */
		EA09C0BA2B8CA6C800957DF1 /* Frameworks */ = {
			isa = PBXFrameworksBuildPhase;
			buildActionMask = 2147483647;
			files = (
			);
			runOnlyForDeploymentPostprocessing = 0;
		};
		EA09C0D02B8CA6CA00957DF1 /* Frameworks */ = {
			isa = PBXFrameworksBuildPhase;
			buildActionMask = 2147483647;
			files = (
			);
			runOnlyForDeploymentPostprocessing = 0;
		};
		EA09C0DA2B8CA6CA00957DF1 /* Frameworks */ = {
			isa = PBXFrameworksBuildPhase;
			buildActionMask = 2147483647;
			files = (
			);
			runOnlyForDeploymentPostprocessing = 0;
		};
/* End PBXFrameworksBuildPhase section */

/* Begin PBXGroup section */
		EA09C0B42B8CA6C800957DF1 = {
			isa = PBXGroup;
			children = (
				EA09C0BF2B8CA6C800957DF1 /* pruebaMapas */,
				EA09C0D62B8CA6CA00957DF1 /* pruebaMapasTests */,
				EA09C0E02B8CA6CA00957DF1 /* pruebaMapasUITests */,
				EA09C0BE2B8CA6C800957DF1 /* Products */,
			);
			sourceTree = "<group>";
		};
		EA09C0BE2B8CA6C800957DF1 /* Products */ = {
			isa = PBXGroup;
			children = (
				EA09C0BD2B8CA6C800957DF1 /* pruebaMapas.app */,
				EA09C0D32B8CA6CA00957DF1 /* pruebaMapasTests.xctest */,
				EA09C0DD2B8CA6CA00957DF1 /* pruebaMapasUITests.xctest */,
			);
			name = Products;
			sourceTree = "<group>";
		};
		EA09C0BF2B8CA6C800957DF1 /* pruebaMapas */ = {
			isa = PBXGroup;
			children = (
				EA09C0C02B8CA6C800957DF1 /* AppDelegate.swift */,
				EA09C0C22B8CA6C800957DF1 /* SceneDelegate.swift */,
				EA09C0C42B8CA6C800957DF1 /* ViewController.swift */,
				EA09C0F22B8CF67000957DF1 /* SearchTableViewController.swift */,
				EA09C0F62B8CF6BC00957DF1 /* InitialViewController.swift */,
				EA09C0F82B8D037900957DF1 /* Monument.swift */,
				EA09C0C62B8CA6C800957DF1 /* Main.storyboard */,
				EA09C0C92B8CA6CA00957DF1 /* Assets.xcassets */,
				EA09C0CB2B8CA6CA00957DF1 /* LaunchScreen.storyboard */,
				EA09C0CE2B8CA6CA00957DF1 /* Info.plist */,
			);
			path = pruebaMapas;
			sourceTree = "<group>";
		};
		EA09C0D62B8CA6CA00957DF1 /* pruebaMapasTests */ = {
			isa = PBXGroup;
			children = (
				EA09C0D72B8CA6CA00957DF1 /* pruebaMapasTests.swift */,
			);
			path = pruebaMapasTests;
			sourceTree = "<group>";
		};
		EA09C0E02B8CA6CA00957DF1 /* pruebaMapasUITests */ = {
			isa = PBXGroup;
			children = (
				EA09C0E12B8CA6CA00957DF1 /* pruebaMapasUITests.swift */,
				EA09C0E32B8CA6CA00957DF1 /* pruebaMapasUITestsLaunchTests.swift */,
			);
			path = pruebaMapasUITests;
			sourceTree = "<group>";
		};
/* End PBXGroup section */

/* Begin PBXNativeTarget section */
		EA09C0BC2B8CA6C800957DF1 /* pruebaMapas */ = {
			isa = PBXNativeTarget;
			buildConfigurationList = EA09C0E72B8CA6CA00957DF1 /* Build configuration list for PBXNativeTarget "pruebaMapas" */;
			buildPhases = (
				EA09C0B92B8CA6C800957DF1 /* Sources */,
				EA09C0BA2B8CA6C800957DF1 /* Frameworks */,
				EA09C0BB2B8CA6C800957DF1 /* Resources */,
			);
			buildRules = (
			);
			dependencies = (
			);
			name = pruebaMapas;
			productName = pruebaMapas;
			productReference = EA09C0BD2B8CA6C800957DF1 /* pruebaMapas.app */;
			productType = "com.apple.product-type.application";
		};
		EA09C0D22B8CA6CA00957DF1 /* pruebaMapasTests */ = {
			isa = PBXNativeTarget;
			buildConfigurationList = EA09C0EA2B8CA6CA00957DF1 /* Build configuration list for PBXNativeTarget "pruebaMapasTests" */;
			buildPhases = (
				EA09C0CF2B8CA6CA00957DF1 /* Sources */,
				EA09C0D02B8CA6CA00957DF1 /* Frameworks */,
				EA09C0D12B8CA6CA00957DF1 /* Resources */,
			);
			buildRules = (
			);
			dependencies = (
				EA09C0D52B8CA6CA00957DF1 /* PBXTargetDependency */,
			);
			name = pruebaMapasTests;
			productName = pruebaMapasTests;
			productReference = EA09C0D32B8CA6CA00957DF1 /* pruebaMapasTests.xctest */;
			productType = "com.apple.product-type.bundle.unit-test";
		};
		EA09C0DC2B8CA6CA00957DF1 /* pruebaMapasUITests */ = {
			isa = PBXNativeTarget;
			buildConfigurationList = EA09C0ED2B8CA6CA00957DF1 /* Build configuration list for PBXNativeTarget "pruebaMapasUITests" */;
			buildPhases = (
				EA09C0D92B8CA6CA00957DF1 /* Sources */,
				EA09C0DA2B8CA6CA00957DF1 /* Frameworks */,
				EA09C0DB2B8CA6CA00957DF1 /* Resources */,
			);
			buildRules = (
			);
			dependencies = (
				EA09C0DF2B8CA6CA00957DF1 /* PBXTargetDependency */,
			);
			name = pruebaMapasUITests;
			productName = pruebaMapasUITests;
			productReference = EA09C0DD2B8CA6CA00957DF1 /* pruebaMapasUITests.xctest */;
			productType = "com.apple.product-type.bundle.ui-testing";
		};
/* End PBXNativeTarget section */

/* Begin PBXProject section */
		EA09C0B52B8CA6C800957DF1 /* Project object */ = {
			isa = PBXProject;
			attributes = {
				BuildIndependentTargetsInParallel = 1;
				LastSwiftUpdateCheck = 1520;
				LastUpgradeCheck = 1520;
				TargetAttributes = {
					EA09C0BC2B8CA6C800957DF1 = {
						CreatedOnToolsVersion = 15.2;
					};
					EA09C0D22B8CA6CA00957DF1 = {
						CreatedOnToolsVersion = 15.2;
						TestTargetID = EA09C0BC2B8CA6C800957DF1;
					};
					EA09C0DC2B8CA6CA00957DF1 = {
						CreatedOnToolsVersion = 15.2;
						TestTargetID = EA09C0BC2B8CA6C800957DF1;
					};
				};
			};
			buildConfigurationList = EA09C0B82B8CA6C800957DF1 /* Build configuration list for PBXProject "pruebaMapas" */;
			compatibilityVersion = "Xcode 14.0";
			developmentRegion = en;
			hasScannedForEncodings = 0;
			knownRegions = (
				en,
				Base,
			);
			mainGroup = EA09C0B42B8CA6C800957DF1;
			productRefGroup = EA09C0BE2B8CA6C800957DF1 /* Products */;
			projectDirPath = "";
			projectRoot = "";
			targets = (
				EA09C0BC2B8CA6C800957DF1 /* pruebaMapas */,
				EA09C0D22B8CA6CA00957DF1 /* pruebaMapasTests */,
				EA09C0DC2B8CA6CA00957DF1 /* pruebaMapasUITests */,
			);
		};
/* End PBXProject section */

/* Begin PBXResourcesBuildPhase section */
		EA09C0BB2B8CA6C800957DF1 /* Resources */ = {
			isa = PBXResourcesBuildPhase;
			buildActionMask = 2147483647;
			files = (
				EA09C0CD2B8CA6CA00957DF1 /* LaunchScreen.storyboard in Resources */,
				EA09C0CA2B8CA6CA00957DF1 /* Assets.xcassets in Resources */,
				EA09C0C82B8CA6C800957DF1 /* Main.storyboard in Resources */,
			);
			runOnlyForDeploymentPostprocessing = 0;
		};
		EA09C0D12B8CA6CA00957DF1 /* Resources */ = {
			isa = PBXResourcesBuildPhase;
			buildActionMask = 2147483647;
			files = (
			);
			runOnlyForDeploymentPostprocessing = 0;
		};
		EA09C0DB2B8CA6CA00957DF1 /* Resources */ = {
			isa = PBXResourcesBuildPhase;
			buildActionMask = 2147483647;
			files = (
			);
			runOnlyForDeploymentPostprocessing = 0;
		};
/* End PBXResourcesBuildPhase section */

/* Begin PBXSourcesBuildPhase section */
		EA09C0B92B8CA6C800957DF1 /* Sources */ = {
			isa = PBXSourcesBuildPhase;
			buildActionMask = 2147483647;
			files = (
				EA09C0F92B8D037A00957DF1 /* Monument.swift in Sources */,
				EA09C0F72B8CF6BC00957DF1 /* InitialViewController.swift in Sources */,
				EA09C0C52B8CA6C800957DF1 /* ViewController.swift in Sources */,
				EA09C0C12B8CA6C800957DF1 /* AppDelegate.swift in Sources */,
				EA09C0C32B8CA6C800957DF1 /* SceneDelegate.swift in Sources */,
				EA09C0F32B8CF67000957DF1 /* SearchTableViewController.swift in Sources */,
			);
			runOnlyForDeploymentPostprocessing = 0;
		};
		EA09C0CF2B8CA6CA00957DF1 /* Sources */ = {
			isa = PBXSourcesBuildPhase;
			buildActionMask = 2147483647;
			files = (
				EA09C0D82B8CA6CA00957DF1 /* pruebaMapasTests.swift in Sources */,
			);
			runOnlyForDeploymentPostprocessing = 0;
		};
		EA09C0D92B8CA6CA00957DF1 /* Sources */ = {
			isa = PBXSourcesBuildPhase;
			buildActionMask = 2147483647;
			files = (
				EA09C0E42B8CA6CA00957DF1 /* pruebaMapasUITestsLaunchTests.swift in Sources */,
				EA09C0E22B8CA6CA00957DF1 /* pruebaMapasUITests.swift in Sources */,
			);
			runOnlyForDeploymentPostprocessing = 0;
		};
/* End PBXSourcesBuildPhase section */

/* Begin PBXTargetDependency section */
		EA09C0D52B8CA6CA00957DF1 /* PBXTargetDependency */ = {
			isa = PBXTargetDependency;
			target = EA09C0BC2B8CA6C800957DF1 /* pruebaMapas */;
			targetProxy = EA09C0D42B8CA6CA00957DF1 /* PBXContainerItemProxy */;
		};
		EA09C0DF2B8CA6CA00957DF1 /* PBXTargetDependency */ = {
			isa = PBXTargetDependency;
			target = EA09C0BC2B8CA6C800957DF1 /* pruebaMapas */;
			targetProxy = EA09C0DE2B8CA6CA00957DF1 /* PBXContainerItemProxy */;
		};
/* End PBXTargetDependency section */

/* Begin PBXVariantGroup section */
		EA09C0C62B8CA6C800957DF1 /* Main.storyboard */ = {
			isa = PBXVariantGroup;
			children = (
				EA09C0C72B8CA6C800957DF1 /* Base */,
			);
			name = Main.storyboard;
			sourceTree = "<group>";
		};
		EA09C0CB2B8CA6CA00957DF1 /* LaunchScreen.storyboard */ = {
			isa = PBXVariantGroup;
			children = (
				EA09C0CC2B8CA6CA00957DF1 /* Base */,
			);
			name = LaunchScreen.storyboard;
			sourceTree = "<group>";
		};
/* End PBXVariantGroup section */

/* Begin XCBuildConfiguration section */
		EA09C0E52B8CA6CA00957DF1 /* Debug */ = {
			isa = XCBuildConfiguration;
			buildSettings = {
				ALWAYS_SEARCH_USER_PATHS = NO;
				ASSETCATALOG_COMPILER_GENERATE_SWIFT_ASSET_SYMBOL_EXTENSIONS = YES;
				CLANG_ANALYZER_NONNULL = YES;
				CLANG_ANALYZER_NUMBER_OBJECT_CONVERSION = YES_AGGRESSIVE;
				CLANG_CXX_LANGUAGE_STANDARD = "gnu++20";
				CLANG_ENABLE_MODULES = YES;
				CLANG_ENABLE_OBJC_ARC = YES;
				CLANG_ENABLE_OBJC_WEAK = YES;
				CLANG_WARN_BLOCK_CAPTURE_AUTORELEASING = YES;
				CLANG_WARN_BOOL_CONVERSION = YES;
				CLANG_WARN_COMMA = YES;
				CLANG_WARN_CONSTANT_CONVERSION = YES;
				CLANG_WARN_DEPRECATED_OBJC_IMPLEMENTATIONS = YES;
				CLANG_WARN_DIRECT_OBJC_ISA_USAGE = YES_ERROR;
				CLANG_WARN_DOCUMENTATION_COMMENTS = YES;
				CLANG_WARN_EMPTY_BODY = YES;
				CLANG_WARN_ENUM_CONVERSION = YES;
				CLANG_WARN_INFINITE_RECURSION = YES;
				CLANG_WARN_INT_CONVERSION = YES;
				CLANG_WARN_NON_LITERAL_NULL_CONVERSION = YES;
				CLANG_WARN_OBJC_IMPLICIT_RETAIN_SELF = YES;
				CLANG_WARN_OBJC_LITERAL_CONVERSION = YES;
				CLANG_WARN_OBJC_ROOT_CLASS = YES_ERROR;
				CLANG_WARN_QUOTED_INCLUDE_IN_FRAMEWORK_HEADER = YES;
				CLANG_WARN_RANGE_LOOP_ANALYSIS = YES;
				CLANG_WARN_STRICT_PROTOTYPES = YES;
				CLANG_WARN_SUSPICIOUS_MOVE = YES;
				CLANG_WARN_UNGUARDED_AVAILABILITY = YES_AGGRESSIVE;
				CLANG_WARN_UNREACHABLE_CODE = YES;
				CLANG_WARN__DUPLICATE_METHOD_MATCH = YES;
				COPY_PHASE_STRIP = NO;
				DEBUG_INFORMATION_FORMAT = dwarf;
				ENABLE_STRICT_OBJC_MSGSEND = YES;
				ENABLE_TESTABILITY = YES;
				ENABLE_USER_SCRIPT_SANDBOXING = YES;
				GCC_C_LANGUAGE_STANDARD = gnu17;
				GCC_DYNAMIC_NO_PIC = NO;
				GCC_NO_COMMON_BLOCKS = YES;
				GCC_OPTIMIZATION_LEVEL = 0;
				GCC_PREPROCESSOR_DEFINITIONS = (
					"DEBUG=1",
					"$(inherited)",
				);
				GCC_WARN_64_TO_32_BIT_CONVERSION = YES;
				GCC_WARN_ABOUT_RETURN_TYPE = YES_ERROR;
				GCC_WARN_UNDECLARED_SELECTOR = YES;
				GCC_WARN_UNINITIALIZED_AUTOS = YES_AGGRESSIVE;
				GCC_WARN_UNUSED_FUNCTION = YES;
				GCC_WARN_UNUSED_VARIABLE = YES;
				IPHONEOS_DEPLOYMENT_TARGET = 17.2;
				LOCALIZATION_PREFERS_STRING_CATALOGS = YES;
				MTL_ENABLE_DEBUG_INFO = INCLUDE_SOURCE;
				MTL_FAST_MATH = YES;
				ONLY_ACTIVE_ARCH = YES;
				SDKROOT = iphoneos;
				SWIFT_ACTIVE_COMPILATION_CONDITIONS = "DEBUG $(inherited)";
				SWIFT_OPTIMIZATION_LEVEL = "-Onone";
			};
			name = Debug;
		};
		EA09C0E62B8CA6CA00957DF1 /* Release */ = {
			isa = XCBuildConfiguration;
			buildSettings = {
				ALWAYS_SEARCH_USER_PATHS = NO;
				ASSETCATALOG_COMPILER_GENERATE_SWIFT_ASSET_SYMBOL_EXTENSIONS = YES;
				CLANG_ANALYZER_NONNULL = YES;
				CLANG_ANALYZER_NUMBER_OBJECT_CONVERSION = YES_AGGRESSIVE;
				CLANG_CXX_LANGUAGE_STANDARD = "gnu++20";
				CLANG_ENABLE_MODULES = YES;
				CLANG_ENABLE_OBJC_ARC = YES;
				CLANG_ENABLE_OBJC_WEAK = YES;
				CLANG_WARN_BLOCK_CAPTURE_AUTORELEASING = YES;
				CLANG_WARN_BOOL_CONVERSION = YES;
				CLANG_WARN_COMMA = YES;
				CLANG_WARN_CONSTANT_CONVERSION = YES;
				CLANG_WARN_DEPRECATED_OBJC_IMPLEMENTATIONS = YES;
				CLANG_WARN_DIRECT_OBJC_ISA_USAGE = YES_ERROR;
				CLANG_WARN_DOCUMENTATION_COMMENTS = YES;
				CLANG_WARN_EMPTY_BODY = YES;
				CLANG_WARN_ENUM_CONVERSION = YES;
				CLANG_WARN_INFINITE_RECURSION = YES;
				CLANG_WARN_INT_CONVERSION = YES;
				CLANG_WARN_NON_LITERAL_NULL_CONVERSION = YES;
				CLANG_WARN_OBJC_IMPLICIT_RETAIN_SELF = YES;
				CLANG_WARN_OBJC_LITERAL_CONVERSION = YES;
				CLANG_WARN_OBJC_ROOT_CLASS = YES_ERROR;
				CLANG_WARN_QUOTED_INCLUDE_IN_FRAMEWORK_HEADER = YES;
				CLANG_WARN_RANGE_LOOP_ANALYSIS = YES;
				CLANG_WARN_STRICT_PROTOTYPES = YES;
				CLANG_WARN_SUSPICIOUS_MOVE = YES;
				CLANG_WARN_UNGUARDED_AVAILABILITY = YES_AGGRESSIVE;
				CLANG_WARN_UNREACHABLE_CODE = YES;
				CLANG_WARN__DUPLICATE_METHOD_MATCH = YES;
				COPY_PHASE_STRIP = NO;
				DEBUG_INFORMATION_FORMAT = "dwarf-with-dsym";
				ENABLE_NS_ASSERTIONS = NO;
				ENABLE_STRICT_OBJC_MSGSEND = YES;
				ENABLE_USER_SCRIPT_SANDBOXING = YES;
				GCC_C_LANGUAGE_STANDARD = gnu17;
				GCC_NO_COMMON_BLOCKS = YES;
				GCC_WARN_64_TO_32_BIT_CONVERSION = YES;
				GCC_WARN_ABOUT_RETURN_TYPE = YES_ERROR;
				GCC_WARN_UNDECLARED_SELECTOR = YES;
				GCC_WARN_UNINITIALIZED_AUTOS = YES_AGGRESSIVE;
				GCC_WARN_UNUSED_FUNCTION = YES;
				GCC_WARN_UNUSED_VARIABLE = YES;
				IPHONEOS_DEPLOYMENT_TARGET = 17.2;
				LOCALIZATION_PREFERS_STRING_CATALOGS = YES;
				MTL_ENABLE_DEBUG_INFO = NO;
				MTL_FAST_MATH = YES;
				SDKROOT = iphoneos;
				SWIFT_COMPILATION_MODE = wholemodule;
				VALIDATE_PRODUCT = YES;
			};
			name = Release;
		};
		EA09C0E82B8CA6CA00957DF1 /* Debug */ = {
			isa = XCBuildConfiguration;
			buildSettings = {
				ASSETCATALOG_COMPILER_APPICON_NAME = AppIcon;
				ASSETCATALOG_COMPILER_GLOBAL_ACCENT_COLOR_NAME = AccentColor;
				CODE_SIGN_STYLE = Automatic;
				CURRENT_PROJECT_VERSION = 1;
				DEVELOPMENT_TEAM = R63FLNZQCD;
				GENERATE_INFOPLIST_FILE = YES;
				INFOPLIST_FILE = pruebaMapas/Info.plist;
				INFOPLIST_KEY_NSLocationWhenInUseUsageDescription = 1.0;
				INFOPLIST_KEY_UIApplicationSupportsIndirectInputEvents = YES;
				INFOPLIST_KEY_UILaunchStoryboardName = LaunchScreen;
				INFOPLIST_KEY_UIMainStoryboardFile = Main;
				INFOPLIST_KEY_UISupportedInterfaceOrientations_iPad = "UIInterfaceOrientationPortrait UIInterfaceOrientationPortraitUpsideDown UIInterfaceOrientationLandscapeLeft UIInterfaceOrientationLandscapeRight";
				INFOPLIST_KEY_UISupportedInterfaceOrientations_iPhone = "UIInterfaceOrientationPortrait UIInterfaceOrientationLandscapeLeft UIInterfaceOrientationLandscapeRight";
				LD_RUNPATH_SEARCH_PATHS = (
					"$(inherited)",
					"@executable_path/Frameworks",
				);
				MARKETING_VERSION = 1.0;
				PRODUCT_BUNDLE_IDENTIFIER = eva.pruebaMapas;
				PRODUCT_NAME = "$(TARGET_NAME)";
				SWIFT_EMIT_LOC_STRINGS = YES;
				SWIFT_VERSION = 5.0;
				TARGETED_DEVICE_FAMILY = "1,2";
			};
			name = Debug;
		};
		EA09C0E92B8CA6CA00957DF1 /* Release */ = {
			isa = XCBuildConfiguration;
			buildSettings = {
				ASSETCATALOG_COMPILER_APPICON_NAME = AppIcon;
				ASSETCATALOG_COMPILER_GLOBAL_ACCENT_COLOR_NAME = AccentColor;
				CODE_SIGN_STYLE = Automatic;
				CURRENT_PROJECT_VERSION = 1;
				DEVELOPMENT_TEAM = R63FLNZQCD;
				GENERATE_INFOPLIST_FILE = YES;
				INFOPLIST_FILE = pruebaMapas/Info.plist;
				INFOPLIST_KEY_NSLocationWhenInUseUsageDescription = 1.0;
				INFOPLIST_KEY_UIApplicationSupportsIndirectInputEvents = YES;
				INFOPLIST_KEY_UILaunchStoryboardName = LaunchScreen;
				INFOPLIST_KEY_UIMainStoryboardFile = Main;
				INFOPLIST_KEY_UISupportedInterfaceOrientations_iPad = "UIInterfaceOrientationPortrait UIInterfaceOrientationPortraitUpsideDown UIInterfaceOrientationLandscapeLeft UIInterfaceOrientationLandscapeRight";
				INFOPLIST_KEY_UISupportedInterfaceOrientations_iPhone = "UIInterfaceOrientationPortrait UIInterfaceOrientationLandscapeLeft UIInterfaceOrientationLandscapeRight";
				LD_RUNPATH_SEARCH_PATHS = (
					"$(inherited)",
					"@executable_path/Frameworks",
				);
				MARKETING_VERSION = 1.0;
				PRODUCT_BUNDLE_IDENTIFIER = eva.pruebaMapas;
				PRODUCT_NAME = "$(TARGET_NAME)";
				SWIFT_EMIT_LOC_STRINGS = YES;
				SWIFT_VERSION = 5.0;
				TARGETED_DEVICE_FAMILY = "1,2";
			};
			name = Release;
		};
		EA09C0EB2B8CA6CA00957DF1 /* Debug */ = {
			isa = XCBuildConfiguration;
			buildSettings = {
				ALWAYS_EMBED_SWIFT_STANDARD_LIBRARIES = YES;
				BUNDLE_LOADER = "$(TEST_HOST)";
				CODE_SIGN_STYLE = Automatic;
				CURRENT_PROJECT_VERSION = 1;
				DEVELOPMENT_TEAM = R63FLNZQCD;
				GENERATE_INFOPLIST_FILE = YES;
				IPHONEOS_DEPLOYMENT_TARGET = 17.2;
				MARKETING_VERSION = 1.0;
				PRODUCT_BUNDLE_IDENTIFIER = eva.pruebaMapasTests;
				PRODUCT_NAME = "$(TARGET_NAME)";
				SWIFT_EMIT_LOC_STRINGS = NO;
				SWIFT_VERSION = 5.0;
				TARGETED_DEVICE_FAMILY = "1,2";
				TEST_HOST = "$(BUILT_PRODUCTS_DIR)/pruebaMapas.app/$(BUNDLE_EXECUTABLE_FOLDER_PATH)/pruebaMapas";
			};
			name = Debug;
		};
		EA09C0EC2B8CA6CA00957DF1 /* Release */ = {
			isa = XCBuildConfiguration;
			buildSettings = {
				ALWAYS_EMBED_SWIFT_STANDARD_LIBRARIES = YES;
				BUNDLE_LOADER = "$(TEST_HOST)";
				CODE_SIGN_STYLE = Automatic;
				CURRENT_PROJECT_VERSION = 1;
				DEVELOPMENT_TEAM = R63FLNZQCD;
				GENERATE_INFOPLIST_FILE = YES;
				IPHONEOS_DEPLOYMENT_TARGET = 17.2;
				MARKETING_VERSION = 1.0;
				PRODUCT_BUNDLE_IDENTIFIER = eva.pruebaMapasTests;
				PRODUCT_NAME = "$(TARGET_NAME)";
				SWIFT_EMIT_LOC_STRINGS = NO;
				SWIFT_VERSION = 5.0;
				TARGETED_DEVICE_FAMILY = "1,2";
				TEST_HOST = "$(BUILT_PRODUCTS_DIR)/pruebaMapas.app/$(BUNDLE_EXECUTABLE_FOLDER_PATH)/pruebaMapas";
			};
			name = Release;
		};
		EA09C0EE2B8CA6CA00957DF1 /* Debug */ = {
			isa = XCBuildConfiguration;
			buildSettings = {
				ALWAYS_EMBED_SWIFT_STANDARD_LIBRARIES = YES;
				CODE_SIGN_STYLE = Automatic;
				CURRENT_PROJECT_VERSION = 1;
				DEVELOPMENT_TEAM = R63FLNZQCD;
				GENERATE_INFOPLIST_FILE = YES;
				MARKETING_VERSION = 1.0;
				PRODUCT_BUNDLE_IDENTIFIER = eva.pruebaMapasUITests;
				PRODUCT_NAME = "$(TARGET_NAME)";
				SWIFT_EMIT_LOC_STRINGS = NO;
				SWIFT_VERSION = 5.0;
				TARGETED_DEVICE_FAMILY = "1,2";
				TEST_TARGET_NAME = pruebaMapas;
			};
			name = Debug;
		};
		EA09C0EF2B8CA6CA00957DF1 /* Release */ = {
			isa = XCBuildConfiguration;
			buildSettings = {
				ALWAYS_EMBED_SWIFT_STANDARD_LIBRARIES = YES;
				CODE_SIGN_STYLE = Automatic;
				CURRENT_PROJECT_VERSION = 1;
				DEVELOPMENT_TEAM = R63FLNZQCD;
				GENERATE_INFOPLIST_FILE = YES;
				MARKETING_VERSION = 1.0;
				PRODUCT_BUNDLE_IDENTIFIER = eva.pruebaMapasUITests;
				PRODUCT_NAME = "$(TARGET_NAME)";
				SWIFT_EMIT_LOC_STRINGS = NO;
				SWIFT_VERSION = 5.0;
				TARGETED_DEVICE_FAMILY = "1,2";
				TEST_TARGET_NAME = pruebaMapas;
			};
			name = Release;
		};
/* End XCBuildConfiguration section */

/* Begin XCConfigurationList section */
		EA09C0B82B8CA6C800957DF1 /* Build configuration list for PBXProject "pruebaMapas" */ = {
			isa = XCConfigurationList;
			buildConfigurations = (
				EA09C0E52B8CA6CA00957DF1 /* Debug */,
				EA09C0E62B8CA6CA00957DF1 /* Release */,
			);
			defaultConfigurationIsVisible = 0;
			defaultConfigurationName = Release;
		};
		EA09C0E72B8CA6CA00957DF1 /* Build configuration list for PBXNativeTarget "pruebaMapas" */ = {
			isa = XCConfigurationList;
			buildConfigurations = (
				EA09C0E82B8CA6CA00957DF1 /* Debug */,
				EA09C0E92B8CA6CA00957DF1 /* Release */,
			);
			defaultConfigurationIsVisible = 0;
			defaultConfigurationName = Release;
		};
		EA09C0EA2B8CA6CA00957DF1 /* Build configuration list for PBXNativeTarget "pruebaMapasTests" */ = {
			isa = XCConfigurationList;
			buildConfigurations = (
				EA09C0EB2B8CA6CA00957DF1 /* Debug */,
				EA09C0EC2B8CA6CA00957DF1 /* Release */,
			);
			defaultConfigurationIsVisible = 0;
			defaultConfigurationName = Release;
		};
		EA09C0ED2B8CA6CA00957DF1 /* Build configuration list for PBXNativeTarget "pruebaMapasUITests" */ = {
			isa = XCConfigurationList;
			buildConfigurations = (
				EA09C0EE2B8CA6CA00957DF1 /* Debug */,
				EA09C0EF2B8CA6CA00957DF1 /* Release */,
			);
			defaultConfigurationIsVisible = 0;
			defaultConfigurationName = Release;
		};
/* End XCConfigurationList section */
	};
	rootObject = EA09C0B52B8CA6C800957DF1 /* Project object */;
}
